PODS:
  - Aurum (0.0.1)
  - Nimble (3.2.0)
  - Quick (0.9.1)

DEPENDENCIES:
  - Aurum (from `../`)
  - Nimble (from `https://github.com/Quick/Nimble.git`)
  - Quick (from `https://github.com/Quick/Quick.git`)

EXTERNAL SOURCES:
  Aurum:
    :path: "../"
  Nimble:
    :git: https://github.com/Quick/Nimble.git
  Quick:
    :git: https://github.com/Quick/Quick.git

CHECKOUT OPTIONS:
  Nimble:
    :commit: 918ce7db50c532cdaa6f0cc79c438f612d82b444
    :git: https://github.com/Quick/Nimble.git
  Quick:
    :commit: 3a1d88fb81476001c62f086dbd94bb0f5354f1a3
    :git: https://github.com/Quick/Quick.git

SPEC CHECKSUMS:
  Aurum: edf4839e5b34e8e3f23875458754756844355281
  Nimble: 703854335d181df169bbca9c97117b5cf8c47c1d
  Quick: a5221fc21788b6aeda934805e68b061839bc3165

COCOAPODS: 0.39.0
